
Microsoft Visual Studio Solution File, Format Version 12.00
# Visual Studio Version 17
VisualStudioVersion = 17.1.32421.90
MinimumVisualStudioVersion = 10.0.40219.1
Project("{FAE04EC0-301F-11D3-BF4B-00C04F79EFBC}") = "ProtectedApi", "ProtectedApi\ProtectedApi.csproj", "{EE2D45E8-93C5-4740-AB39-C3693F99CF56}"
EndProject
Global
	GlobalSection(SolutionConfigurationPlatforms) = preSolution
		Debug|Any CPU = Debug|Any CPU
		Release|Any CPU = Release|Any CPU
	EndGlobalSection
	GlobalSection(ProjectConfigurationPlatforms) = postSolution
		{EE2D45E8-93C5-4740-AB39-C3693F99CF56}.Debug|Any CPU.ActiveCfg = Debug|Any CPU
		{EE2D45E8-93C5-4740-AB39-C3693F99CF56}.Debug|Any CPU.Build.0 = Debug|Any CPU
		{EE2D45E8-93C5-4740-AB39-C3693F99CF56}.Release|Any CPU.ActiveCfg = Release|Any CPU
		{EE2D45E8-93C5-4740-AB39-C3693F99CF56}.Release|Any CPU.Build.0 = Release|Any CPU
	EndGlobalSection
	GlobalSection(SolutionProperties) = preSolution
		HideSolutionNode = FALSE
	EndGlobalSection
	GlobalSection(ExtensibilityGlobals) = postSolution
		SolutionGuid = {24D9364E-CD66-4E4D-8AC7-FA5215FC9B8B}
	EndGlobalSection
EndGlobal
